<?xml version="1.0" encoding="utf-8"?>
<Project ToolsVersion="4.0" xmlns="http://schemas.microsoft.com/developer/msbuild/2003">
  <ItemGroup>
    <Filter Include="include">
      <UniqueIdentifier>{9a7c4806-afbd-4bfc-ab60-11b409e6baf0}</UniqueIdentifier>
    </Filter>
    <Filter Include="source">
      <UniqueIdentifier>{d1d10cc2-71e9-4769-8b74-b4bda6bfae27}</UniqueIdentifier>
    </Filter>
    <Filter Include="include\Krayo">
      <UniqueIdentifier>{8ced9c46-d1a4-482b-8f52-693919a43513}</UniqueIdentifier>
    </Filter>
    <Filter Include="source\Math">
      <UniqueIdentifier>{8f9092da-fa84-4f52-baf1-7dcf2bbb9e4e}</UniqueIdentifier>
    </Filter>
    <Filter Include="source\Utils">
      <UniqueIdentifier>{039bc783-deec-4f45-862d-9509fcebb5eb}</UniqueIdentifier>
    </Filter>
    <Filter Include="source\API">
      <UniqueIdentifier>{889b6429-bfcf-4792-aad2-62480be9b1ae}</UniqueIdentifier>
    </Filter>
    <Filter Include="source\Events">
      <UniqueIdentifier>{90ce4195-b2bb-4600-be23-640286e453d6}</UniqueIdentifier>
    </Filter>
    <Filter Include="include\Krayo\Resource">
      <UniqueIdentifier>{04688bda-ecf1-464b-9a78-8706477a8fb1}</UniqueIdentifier>
    </Filter>
    <Filter Include="source\API\Resource">
      <UniqueIdentifier>{5f163aae-128f-49ae-a95b-7f66ef7119eb}</UniqueIdentifier>
    </Filter>
    <Filter Include="source\Resource">
      <UniqueIdentifier>{9de1dabe-6f5e-43c9-801f-375cb2a77655}</UniqueIdentifier>
    </Filter>
    <Filter Include="include\Krayo\Component">
      <UniqueIdentifier>{629f86d6-4439-4fda-94ad-7bb8250db371}</UniqueIdentifier>
    </Filter>
    <Filter Include="source\Component">
      <UniqueIdentifier>{2d0249fb-6b69-45a3-a344-a6e8dc3011a7}</UniqueIdentifier>
    </Filter>
    <Filter Include="source\API\Component">
      <UniqueIdentifier>{b8bab865-9f42-49e7-8b14-a3e4b882aedf}</UniqueIdentifier>
    </Filter>
    <Filter Include="source\Renderer">
      <UniqueIdentifier>{77f9ca2f-74b3-4c6f-b319-b04da79cb0fc}</UniqueIdentifier>
    </Filter>
    <Filter Include="source\Renderer\LowLevel">
      <UniqueIdentifier>{0083fa3d-d776-4ce4-b3c3-369899a86d2e}</UniqueIdentifier>
    </Filter>
    <Filter Include="source\Renderer\HighLevel">
      <UniqueIdentifier>{213a12b3-f015-418e-b8db-a8267db5ead1}</UniqueIdentifier>
    </Filter>
    <Filter Include="source\Renderer\LowLevel\Win">
      <UniqueIdentifier>{8e9481e8-86d5-44e0-90bf-e5b278e74250}</UniqueIdentifier>
    </Filter>
    <Filter Include="source\Utils\ModelFile">
      <UniqueIdentifier>{b1a1ab9c-2b69-4816-9334-7c04caf29c89}</UniqueIdentifier>
    </Filter>
  </ItemGroup>
  <ItemGroup>
    <ClCompile Include="source\Main.cpp">
      <Filter>source</Filter>
    </ClCompile>
    <ClCompile Include="source\ResourceDir.cpp">
      <Filter>source</Filter>
    </ClCompile>
    <ClCompile Include="source\Math\Frustum.cpp">
      <Filter>source\Math</Filter>
    </ClCompile>
    <ClCompile Include="source\Math\Plane.cpp">
      <Filter>source\Math</Filter>
    </ClCompile>
    <ClCompile Include="source\Math\AABB.cpp">
      <Filter>source\Math</Filter>
    </ClCompile>
    <ClCompile Include="source\API\Engine.cpp">
      <Filter>source\API</Filter>
    </ClCompile>
    <ClCompile Include="source\API\Events.cpp">
      <Filter>source\API</Filter>
    </ClCompile>
    <ClCompile Include="source\Events\Manager.cpp">
      <Filter>source\Events</Filter>
    </ClCompile>
    <ClCompile Include="source\Utils\ModelLoader.cpp">
      <Filter>source\Utils</Filter>
    </ClCompile>
    <ClCompile Include="source\API\Resource\Manager.cpp">
      <Filter>source\API\Resource</Filter>
    </ClCompile>
    <ClCompile Include="source\Resource\IResource.cpp">
      <Filter>source\Resource</Filter>
    </ClCompile>
    <ClCompile Include="source\Resource\Manager.cpp">
      <Filter>source\Resource</Filter>
    </ClCompile>
    <ClCompile Include="source\Resource\Model.cpp">
      <Filter>source\Resource</Filter>
    </ClCompile>
    <ClCompile Include="source\API\Resource\Model.cpp">
      <Filter>source\API\Resource</Filter>
    </ClCompile>
    <ClCompile Include="source\API\Resource\IResource.cpp">
      <Filter>source\API\Resource</Filter>
    </ClCompile>
    <ClCompile Include="source\API\Component\IComponent.cpp">
      <Filter>source\API\Component</Filter>
    </ClCompile>
    <ClCompile Include="source\API\Component\Model.cpp">
      <Filter>source\API\Component</Filter>
    </ClCompile>
    <ClCompile Include="source\API\Component\Transform.cpp">
      <Filter>source\API\Component</Filter>
    </ClCompile>
    <ClCompile Include="source\API\Map.cpp">
      <Filter>source\API</Filter>
    </ClCompile>
    <ClCompile Include="source\API\Object.cpp">
      <Filter>source\API</Filter>
    </ClCompile>
    <ClCompile Include="source\Engine.cpp">
      <Filter>source</Filter>
    </ClCompile>
    <ClCompile Include="source\Map.cpp">
      <Filter>source</Filter>
    </ClCompile>
    <ClCompile Include="source\Object.cpp">
      <Filter>source</Filter>
    </ClCompile>
    <ClCompile Include="source\Component\IComponent.cpp">
      <Filter>source\Component</Filter>
    </ClCompile>
    <ClCompile Include="source\Component\Model.cpp">
      <Filter>source\Component</Filter>
    </ClCompile>
    <ClCompile Include="source\Component\Transform.cpp">
      <Filter>source\Component</Filter>
    </ClCompile>
    <ClCompile Include="source\Utils\TypeID.cpp">
      <Filter>source\Utils</Filter>
    </ClCompile>
    <ClCompile Include="source\Renderer\LowLevel\Backbuffer.cpp">
      <Filter>source\Renderer\LowLevel</Filter>
    </ClCompile>
    <ClCompile Include="source\Renderer\LowLevel\Buffer.cpp">
      <Filter>source\Renderer\LowLevel</Filter>
    </ClCompile>
    <ClCompile Include="source\Renderer\LowLevel\CommandBuffer.cpp">
      <Filter>source\Renderer\LowLevel</Filter>
    </ClCompile>
    <ClCompile Include="source\Renderer\LowLevel\Debugger.cpp">
      <Filter>source\Renderer\LowLevel</Filter>
    </ClCompile>
    <ClCompile Include="source\Renderer\LowLevel\DescriptorAllocator.cpp">
      <Filter>source\Renderer\LowLevel</Filter>
    </ClCompile>
    <ClCompile Include="source\Renderer\LowLevel\Device.cpp">
      <Filter>source\Renderer\LowLevel</Filter>
    </ClCompile>
    <ClCompile Include="source\Renderer\LowLevel\Extensions.cpp">
      <Filter>source\Renderer\LowLevel</Filter>
    </ClCompile>
    <ClCompile Include="source\Renderer\LowLevel\Framebuffer.cpp">
      <Filter>source\Renderer\LowLevel</Filter>
    </ClCompile>
    <ClCompile Include="source\Renderer\LowLevel\Instance.cpp">
      <Filter>source\Renderer\LowLevel</Filter>
    </ClCompile>
    <ClCompile Include="source\Renderer\LowLevel\MultiPipeline.cpp">
      <Filter>source\Renderer\LowLevel</Filter>
    </ClCompile>
    <ClCompile Include="source\Renderer\LowLevel\Pipeline.cpp">
      <Filter>source\Renderer\LowLevel</Filter>
    </ClCompile>
    <ClCompile Include="source\Renderer\LowLevel\QueueManager.cpp">
      <Filter>source\Renderer\LowLevel</Filter>
    </ClCompile>
    <ClCompile Include="source\Renderer\LowLevel\RingBuffer.cpp">
      <Filter>source\Renderer\LowLevel</Filter>
    </ClCompile>
    <ClCompile Include="source\Renderer\LowLevel\Shader.cpp">
      <Filter>source\Renderer\LowLevel</Filter>
    </ClCompile>
    <ClCompile Include="source\Renderer\LowLevel\Texture.cpp">
      <Filter>source\Renderer\LowLevel</Filter>
    </ClCompile>
    <ClCompile Include="source\Renderer\LowLevel\Tools.cpp">
      <Filter>source\Renderer\LowLevel</Filter>
    </ClCompile>
    <ClCompile Include="source\Renderer\LowLevel\Translations.cpp">
      <Filter>source\Renderer\LowLevel</Filter>
    </ClCompile>
    <ClCompile Include="source\Renderer\LowLevel\Util.cpp">
      <Filter>source\Renderer\LowLevel</Filter>
    </ClCompile>
    <ClCompile Include="source\Renderer\LowLevel\VertexLayout.cpp">
      <Filter>source\Renderer\LowLevel</Filter>
    </ClCompile>
    <ClCompile Include="source\Renderer\LowLevel\Win\WinBackbuffer.cpp">
      <Filter>source\Renderer\LowLevel\Win</Filter>
    </ClCompile>
    <ClCompile Include="source\Renderer\HighLevel\DepthPrePass.cpp">
      <Filter>source\Renderer\HighLevel</Filter>
    </ClCompile>
    <ClCompile Include="source\Renderer\HighLevel\ForwardPass.cpp">
      <Filter>source\Renderer\HighLevel</Filter>
    </ClCompile>
    <ClCompile Include="source\Renderer\HighLevel\GridFrustumsGenerator.cpp">
      <Filter>source\Renderer\HighLevel</Filter>
    </ClCompile>
    <ClCompile Include="source\Renderer\HighLevel\LightCuller.cpp">
      <Filter>source\Renderer\HighLevel</Filter>
    </ClCompile>
    <ClCompile Include="source\Renderer\HighLevel\ParticleEngine.cpp">
      <Filter>source\Renderer\HighLevel</Filter>
    </ClCompile>
    <ClCompile Include="source\Renderer\HighLevel\ParticlePass.cpp">
      <Filter>source\Renderer\HighLevel</Filter>
    </ClCompile>
    <ClCompile Include="source\Renderer\HighLevel\Renderer.cpp">
      <Filter>source\Renderer\HighLevel</Filter>
    </ClCompile>
    <ClCompile Include="source\Renderer\HighLevel\ResourceFactory.cpp">
      <Filter>source\Renderer\HighLevel</Filter>
    </ClCompile>
    <ClCompile Include="source\Renderer\HighLevel\ShaderMacroDefinitions.cpp">
      <Filter>source\Renderer\HighLevel</Filter>
    </ClCompile>
    <ClCompile Include="source\Utils\ModelFile\FBXModelFile.cpp">
      <Filter>source\Utils\ModelFile</Filter>
    </ClCompile>
    <ClCompile Include="source\Utils\ModelFile\FileMesh.cpp">
      <Filter>source\Utils\ModelFile</Filter>
    </ClCompile>
    <ClCompile Include="source\Utils\ModelFile\KrayoJSONModelFile.cpp">
      <Filter>source\Utils\ModelFile</Filter>
    </ClCompile>
    <ClCompile Include="source\Utils\ModelFile\OBJModelFile.cpp">
      <Filter>source\Utils\ModelFile</Filter>
    </ClCompile>
    <ClCompile Include="source\Utils\ModelFile\FileMaterial.cpp">
      <Filter>source\Utils\ModelFile</Filter>
    </ClCompile>
    <ClCompile Include="source\Utils\ModelFile\FileTextureSDR.cpp">
      <Filter>source\Utils\ModelFile</Filter>
    </ClCompile>
    <ClCompile Include="source\Utils\ModelFile\FileTextureHDR.cpp">
      <Filter>source\Utils\ModelFile</Filter>
    </ClCompile>
    <ClCompile Include="source\Resource\Material.cpp">
      <Filter>source\Resource</Filter>
    </ClCompile>
    <ClCompile Include="source\Resource\Texture.cpp">
      <Filter>source\Resource</Filter>
    </ClCompile>
    <ClCompile Include="source\Component\Camera.cpp">
      <Filter>source\Component</Filter>
    </ClCompile>
    <ClCompile Include="source\API\Component\Camera.cpp">
      <Filter>source\API\Component</Filter>
    </ClCompile>
  </ItemGroup>
  <ItemGroup>
    <ClInclude Include="include\Krayo\ApiDef.hpp">
      <Filter>include\Krayo</Filter>
    </ClInclude>
    <ClInclude Include="source\Prerequisites.hpp">
      <Filter>source</Filter>
    </ClInclude>
    <ClInclude Include="source\ResourceDir.hpp">
      <Filter>source</Filter>
    </ClInclude>
    <ClInclude Include="source\Math\AABB.hpp">
      <Filter>source\Math</Filter>
    </ClInclude>
    <ClInclude Include="source\Math\Frustum.hpp">
      <Filter>source\Math</Filter>
    </ClInclude>
    <ClInclude Include="source\Math\Plane.hpp">
      <Filter>source\Math</Filter>
    </ClInclude>
    <ClInclude Include="source\Utils\Traits.hpp">
      <Filter>source\Utils</Filter>
    </ClInclude>
    <ClInclude Include="include\Krayo\Engine.hpp">
      <Filter>include\Krayo</Filter>
    </ClInclude>
    <ClInclude Include="include\Krayo\Events.hpp">
      <Filter>include\Krayo</Filter>
    </ClInclude>
    <ClInclude Include="include\Krayo\ApiPrerequisites.hpp">
      <Filter>include\Krayo</Filter>
    </ClInclude>
    <ClInclude Include="source\Events\Manager.hpp">
      <Filter>source\Events</Filter>
    </ClInclude>
    <ClInclude Include="source\Utils\ModelLoader.hpp">
      <Filter>source\Utils</Filter>
    </ClInclude>
    <ClInclude Include="include\Krayo\Resource\Manager.hpp">
      <Filter>include\Krayo\Resource</Filter>
    </ClInclude>
    <ClInclude Include="include\Krayo\Resource\Type.hpp">
      <Filter>include\Krayo\Resource</Filter>
    </ClInclude>
    <ClInclude Include="source\Resource\IResource.hpp">
      <Filter>source\Resource</Filter>
    </ClInclude>
    <ClInclude Include="source\Resource\Manager.hpp">
      <Filter>source\Resource</Filter>
    </ClInclude>
    <ClInclude Include="include\Krayo\Component\Type.hpp">
      <Filter>include\Krayo\Component</Filter>
    </ClInclude>
    <ClInclude Include="source\Component\Model.hpp">
      <Filter>source\Component</Filter>
    </ClInclude>
    <ClInclude Include="include\Krayo\Object.hpp">
      <Filter>include\Krayo</Filter>
    </ClInclude>
    <ClInclude Include="include\Krayo\Resource\Model.hpp">
      <Filter>include\Krayo\Resource</Filter>
    </ClInclude>
    <ClInclude Include="source\Resource\Model.hpp">
      <Filter>source\Resource</Filter>
    </ClInclude>
    <ClInclude Include="include\Krayo\Resource\IResource.hpp">
      <Filter>include\Krayo\Resource</Filter>
    </ClInclude>
    <ClInclude Include="include\Krayo\Component\IComponent.hpp">
      <Filter>include\Krayo\Component</Filter>
    </ClInclude>
    <ClInclude Include="include\Krayo\Component\Model.hpp">
      <Filter>include\Krayo\Component</Filter>
    </ClInclude>
    <ClInclude Include="include\Krayo\Component\Transform.hpp">
      <Filter>include\Krayo\Component</Filter>
    </ClInclude>
    <ClInclude Include="include\Krayo\Map.hpp">
      <Filter>include\Krayo</Filter>
    </ClInclude>
    <ClInclude Include="source\Engine.hpp">
      <Filter>source</Filter>
    </ClInclude>
    <ClInclude Include="source\Map.hpp">
      <Filter>source</Filter>
    </ClInclude>
    <ClInclude Include="source\Object.hpp">
      <Filter>source</Filter>
    </ClInclude>
    <ClInclude Include="source\Component\IComponent.hpp">
      <Filter>source\Component</Filter>
    </ClInclude>
    <ClInclude Include="source\Component\Transform.hpp">
      <Filter>source\Component</Filter>
    </ClInclude>
    <ClInclude Include="source\Utils\TypeID.hpp">
      <Filter>source\Utils</Filter>
    </ClInclude>
    <ClInclude Include="source\Renderer\LowLevel\Backbuffer.hpp">
      <Filter>source\Renderer\LowLevel</Filter>
    </ClInclude>
    <ClInclude Include="source\Renderer\LowLevel\Buffer.hpp">
      <Filter>source\Renderer\LowLevel</Filter>
    </ClInclude>
    <ClInclude Include="source\Renderer\LowLevel\CommandBuffer.hpp">
      <Filter>source\Renderer\LowLevel</Filter>
    </ClInclude>
    <ClInclude Include="source\Renderer\LowLevel\Debugger.hpp">
      <Filter>source\Renderer\LowLevel</Filter>
    </ClInclude>
    <ClInclude Include="source\Renderer\LowLevel\DescriptorAllocator.hpp">
      <Filter>source\Renderer\LowLevel</Filter>
    </ClInclude>
    <ClInclude Include="source\Renderer\LowLevel\Device.hpp">
      <Filter>source\Renderer\LowLevel</Filter>
    </ClInclude>
    <ClInclude Include="source\Renderer\LowLevel\Extensions.hpp">
      <Filter>source\Renderer\LowLevel</Filter>
    </ClInclude>
    <ClInclude Include="source\Renderer\LowLevel\Framebuffer.hpp">
      <Filter>source\Renderer\LowLevel</Filter>
    </ClInclude>
    <ClInclude Include="source\Renderer\LowLevel\Instance.hpp">
      <Filter>source\Renderer\LowLevel</Filter>
    </ClInclude>
    <ClInclude Include="source\Renderer\LowLevel\MultiPipeline.hpp">
      <Filter>source\Renderer\LowLevel</Filter>
    </ClInclude>
    <ClInclude Include="source\Renderer\LowLevel\Pipeline.hpp">
      <Filter>source\Renderer\LowLevel</Filter>
    </ClInclude>
    <ClInclude Include="source\Renderer\LowLevel\QueueManager.hpp">
      <Filter>source\Renderer\LowLevel</Filter>
    </ClInclude>
    <ClInclude Include="source\Renderer\LowLevel\RingBuffer.hpp">
      <Filter>source\Renderer\LowLevel</Filter>
    </ClInclude>
    <ClInclude Include="source\Renderer\LowLevel\Shader.hpp">
      <Filter>source\Renderer\LowLevel</Filter>
    </ClInclude>
    <ClInclude Include="source\Renderer\LowLevel\Texture.hpp">
      <Filter>source\Renderer\LowLevel</Filter>
    </ClInclude>
    <ClInclude Include="source\Renderer\LowLevel\Tools.hpp">
      <Filter>source\Renderer\LowLevel</Filter>
    </ClInclude>
    <ClInclude Include="source\Renderer\LowLevel\Translations.hpp">
      <Filter>source\Renderer\LowLevel</Filter>
    </ClInclude>
    <ClInclude Include="source\Renderer\LowLevel\Types.hpp">
      <Filter>source\Renderer\LowLevel</Filter>
    </ClInclude>
    <ClInclude Include="source\Renderer\LowLevel\Util.hpp">
      <Filter>source\Renderer\LowLevel</Filter>
    </ClInclude>
    <ClInclude Include="source\Renderer\LowLevel\VertexLayout.hpp">
      <Filter>source\Renderer\LowLevel</Filter>
    </ClInclude>
    <ClInclude Include="source\Renderer\LowLevel\VkRAII.hpp">
      <Filter>source\Renderer\LowLevel</Filter>
    </ClInclude>
    <ClInclude Include="source\Renderer\LowLevel\Win\WinBackbuffer.hpp">
      <Filter>source\Renderer\LowLevel\Win</Filter>
    </ClInclude>
    <ClInclude Include="source\Renderer\HighLevel\DepthPrePass.hpp">
      <Filter>source\Renderer\HighLevel</Filter>
    </ClInclude>
    <ClInclude Include="source\Renderer\HighLevel\ForwardPass.hpp">
      <Filter>source\Renderer\HighLevel</Filter>
    </ClInclude>
    <ClInclude Include="source\Renderer\HighLevel\GridFrustumsGenerator.hpp">
      <Filter>source\Renderer\HighLevel</Filter>
    </ClInclude>
    <ClInclude Include="source\Renderer\HighLevel\LightCuller.hpp">
      <Filter>source\Renderer\HighLevel</Filter>
    </ClInclude>
    <ClInclude Include="source\Renderer\HighLevel\ParticleEngine.hpp">
      <Filter>source\Renderer\HighLevel</Filter>
    </ClInclude>
    <ClInclude Include="source\Renderer\HighLevel\ParticlePass.hpp">
      <Filter>source\Renderer\HighLevel</Filter>
    </ClInclude>
    <ClInclude Include="source\Renderer\HighLevel\Renderer.hpp">
      <Filter>source\Renderer\HighLevel</Filter>
    </ClInclude>
    <ClInclude Include="source\Renderer\HighLevel\ResourceFactory.hpp">
      <Filter>source\Renderer\HighLevel</Filter>
    </ClInclude>
    <ClInclude Include="source\Renderer\HighLevel\ShaderMacroDefinitions.hpp">
      <Filter>source\Renderer\HighLevel</Filter>
    </ClInclude>
    <ClInclude Include="source\Utils\ModelFile\FBXModelFile.hpp">
      <Filter>source\Utils\ModelFile</Filter>
    </ClInclude>
    <ClInclude Include="source\Utils\ModelFile\FileMesh.hpp">
      <Filter>source\Utils\ModelFile</Filter>
    </ClInclude>
    <ClInclude Include="source\Utils\ModelFile\IModelFile.hpp">
      <Filter>source\Utils\ModelFile</Filter>
    </ClInclude>
    <ClInclude Include="source\Utils\ModelFile\KrayoJSONModelFile.hpp">
      <Filter>source\Utils\ModelFile</Filter>
    </ClInclude>
    <ClInclude Include="source\Utils\ModelFile\OBJModelFile.hpp">
      <Filter>source\Utils\ModelFile</Filter>
    </ClInclude>
    <ClInclude Include="source\Utils\ModelFile\FileMaterial.hpp">
      <Filter>source\Utils\ModelFile</Filter>
    </ClInclude>
    <ClInclude Include="source\Utils\ModelFile\FileTextureSDR.hpp">
      <Filter>source\Utils\ModelFile</Filter>
    </ClInclude>
    <ClInclude Include="source\Utils\ModelFile\FileTextureHDR.hpp">
      <Filter>source\Utils\ModelFile</Filter>
    </ClInclude>
    <ClInclude Include="source\Utils\ModelFile\IFileTexture.hpp">
      <Filter>source\Utils\ModelFile</Filter>
    </ClInclude>
    <ClInclude Include="source\Resource\Material.hpp">
      <Filter>source\Resource</Filter>
    </ClInclude>
    <ClInclude Include="source\Resource\Texture.hpp">
      <Filter>source\Resource</Filter>
    </ClInclude>
    <ClInclude Include="source\Utils\ModelFile\IFileData.hpp">
      <Filter>source\Utils\ModelFile</Filter>
    </ClInclude>
    <ClInclude Include="source\Component\Camera.hpp">
      <Filter>source\Component</Filter>
    </ClInclude>
    <ClInclude Include="include\Krayo\Component\Camera.hpp">
      <Filter>include\Krayo\Component</Filter>
    </ClInclude>
    <ClInclude Include="source\Utils\ContainerImpl.hpp">
      <Filter>source\Utils</Filter>
    </ClInclude>
    <ClInclude Include="source\Utils\Container.hpp">
      <Filter>source\Utils</Filter>
    </ClInclude>
  </ItemGroup>
  <ItemGroup>
    <Text Include="CMakeLists.txt" />
  </ItemGroup>
</Project>