<?xml version="1.0" encoding="utf-8"?>
<Project ToolsVersion="4.0" xmlns="http://schemas.microsoft.com/developer/msbuild/2003">
  <ItemGroup>
    <Filter Include="include">
      <UniqueIdentifier>{9a7c4806-afbd-4bfc-ab60-11b409e6baf0}</UniqueIdentifier>
    </Filter>
    <Filter Include="source">
      <UniqueIdentifier>{d1d10cc2-71e9-4769-8b74-b4bda6bfae27}</UniqueIdentifier>
    </Filter>
    <Filter Include="include\Krayo">
      <UniqueIdentifier>{8ced9c46-d1a4-482b-8f52-693919a43513}</UniqueIdentifier>
    </Filter>
    <Filter Include="source\Math">
      <UniqueIdentifier>{8f9092da-fa84-4f52-baf1-7dcf2bbb9e4e}</UniqueIdentifier>
    </Filter>
    <Filter Include="source\Utils">
      <UniqueIdentifier>{039bc783-deec-4f45-862d-9509fcebb5eb}</UniqueIdentifier>
    </Filter>
    <Filter Include="source\API">
      <UniqueIdentifier>{889b6429-bfcf-4792-aad2-62480be9b1ae}</UniqueIdentifier>
    </Filter>
    <Filter Include="source\Events">
      <UniqueIdentifier>{90ce4195-b2bb-4600-be23-640286e453d6}</UniqueIdentifier>
    </Filter>
    <Filter Include="include\Krayo\Resource">
      <UniqueIdentifier>{04688bda-ecf1-464b-9a78-8706477a8fb1}</UniqueIdentifier>
    </Filter>
    <Filter Include="source\API\Resource">
      <UniqueIdentifier>{5f163aae-128f-49ae-a95b-7f66ef7119eb}</UniqueIdentifier>
    </Filter>
    <Filter Include="source\Utils\ModelFiles">
      <UniqueIdentifier>{b1a1ab9c-2b69-4816-9334-7c04caf29c89}</UniqueIdentifier>
    </Filter>
    <Filter Include="source\Resource">
      <UniqueIdentifier>{9de1dabe-6f5e-43c9-801f-375cb2a77655}</UniqueIdentifier>
    </Filter>
    <Filter Include="include\Krayo\Component">
      <UniqueIdentifier>{629f86d6-4439-4fda-94ad-7bb8250db371}</UniqueIdentifier>
    </Filter>
  </ItemGroup>
  <ItemGroup>
    <ClCompile Include="source\Main.cpp">
      <Filter>source</Filter>
    </ClCompile>
    <ClCompile Include="source\ResourceDir.cpp">
      <Filter>source</Filter>
    </ClCompile>
    <ClCompile Include="source\Math\Frustum.cpp">
      <Filter>source\Math</Filter>
    </ClCompile>
    <ClCompile Include="source\Math\Plane.cpp">
      <Filter>source\Math</Filter>
    </ClCompile>
    <ClCompile Include="source\Math\AABB.cpp">
      <Filter>source\Math</Filter>
    </ClCompile>
    <ClCompile Include="source\API\Engine.cpp">
      <Filter>source\API</Filter>
    </ClCompile>
    <ClCompile Include="source\API\EngineImpl.cpp">
      <Filter>source\API</Filter>
    </ClCompile>
    <ClCompile Include="source\API\Events.cpp">
      <Filter>source\API</Filter>
    </ClCompile>
    <ClCompile Include="source\Events\Manager.cpp">
      <Filter>source\Events</Filter>
    </ClCompile>
    <ClCompile Include="source\Utils\ModelLoader.cpp">
      <Filter>source\Utils</Filter>
    </ClCompile>
    <ClCompile Include="source\Utils\ModelFiles\FBXModelFile.cpp">
      <Filter>source\Utils\ModelFiles</Filter>
    </ClCompile>
    <ClCompile Include="source\API\Resource\Manager.cpp">
      <Filter>source\API\Resource</Filter>
    </ClCompile>
    <ClCompile Include="source\Resource\IResource.cpp">
      <Filter>source\Resource</Filter>
    </ClCompile>
    <ClCompile Include="source\Resource\Manager.cpp">
      <Filter>source\Resource</Filter>
    </ClCompile>
  </ItemGroup>
  <ItemGroup>
    <ClInclude Include="include\Krayo\ApiDef.hpp">
      <Filter>include\Krayo</Filter>
    </ClInclude>
    <ClInclude Include="source\Prerequisites.hpp">
      <Filter>source</Filter>
    </ClInclude>
    <ClInclude Include="source\ResourceDir.hpp">
      <Filter>source</Filter>
    </ClInclude>
    <ClInclude Include="source\Math\AABB.hpp">
      <Filter>source\Math</Filter>
    </ClInclude>
    <ClInclude Include="source\Math\Frustum.hpp">
      <Filter>source\Math</Filter>
    </ClInclude>
    <ClInclude Include="source\Math\Plane.hpp">
      <Filter>source\Math</Filter>
    </ClInclude>
    <ClInclude Include="source\Utils\Traits.hpp">
      <Filter>source\Utils</Filter>
    </ClInclude>
    <ClInclude Include="include\Krayo\Engine.hpp">
      <Filter>include\Krayo</Filter>
    </ClInclude>
    <ClInclude Include="source\API\EngineImpl.hpp">
      <Filter>source\API</Filter>
    </ClInclude>
    <ClInclude Include="include\Krayo\Events.hpp">
      <Filter>include\Krayo</Filter>
    </ClInclude>
    <ClInclude Include="include\Krayo\ApiPrerequisites.hpp">
      <Filter>include\Krayo</Filter>
    </ClInclude>
    <ClInclude Include="source\Events\Manager.hpp">
      <Filter>source\Events</Filter>
    </ClInclude>
    <ClInclude Include="source\Utils\ModelFile.hpp">
      <Filter>source\Utils</Filter>
    </ClInclude>
    <ClInclude Include="source\Utils\ModelLoader.hpp">
      <Filter>source\Utils</Filter>
    </ClInclude>
    <ClInclude Include="source\Utils\ModelFiles\FBXModelFile.hpp">
      <Filter>source\Utils\ModelFiles</Filter>
    </ClInclude>
    <ClInclude Include="include\Krayo\Resource\Manager.hpp">
      <Filter>include\Krayo\Resource</Filter>
    </ClInclude>
    <ClInclude Include="include\Krayo\Resource\Type.hpp">
      <Filter>include\Krayo\Resource</Filter>
    </ClInclude>
    <ClInclude Include="source\Resource\IResource.hpp">
      <Filter>source\Resource</Filter>
    </ClInclude>
    <ClInclude Include="source\Resource\Manager.hpp">
      <Filter>source\Resource</Filter>
    </ClInclude>
    <ClInclude Include="include\Krayo\Component\Type.hpp">
      <Filter>include\Krayo\Component</Filter>
    </ClInclude>
    <ClInclude Include="include\Krayo\Component\IComponent.hpp">
      <Filter>include\Krayo\Component</Filter>
    </ClInclude>
  </ItemGroup>
</Project>